{
    "_meta": {
        "hash": {
            "sha256": "13d80613ef888ca095e57793ebdf0578c3a2b04be72026d300e943ec8491b948"
        },
        "pipfile-spec": 6,
        "requires": {
            "python_version": "3.8"
        },
        "sources": [
            {
                "name": "pypi",
                "url": "https://pypi.org/simple",
                "verify_ssl": true
            }
        ]
    },
    "default": {
        "marshmallow": {
            "hashes": [
                "sha256:a2052f62b18f6dad520f465e437f63ab8812423975d48b9ebd30a735466e782a",
                "sha256:e1b79eb3b815b49918c64114dda691b8767b48a1f66dd1d8c0cd5842b74257c2"
            ],
            "index": "pypi",
            "version": "==2.16.3"
        }
    },
    "develop": {}
}
